
Microsoft Visual Studio Solution File, Format Version 12.00
# Visual Studio Version 17
VisualStudioVersion = 17.12.35514.174
MinimumVisualStudioVersion = 10.0.40219.1
Project("{FAE04EC0-301F-11D3-BF4B-00C04F79EFBC}") = "Solid.App", "Solid.App\Solid.App.csproj", "{3EF2B13F-C93B-4D63-A722-55CC1BF70115}"
EndProject
Project("{FAE04EC0-301F-11D3-BF4B-00C04F79EFBC}") = "FluentValidationApp.Web", "FluentValidationApp.Web\FluentValidationApp.Web.csproj", "{A5124196-AEF2-49E1-892F-C81FC279B7DF}"
EndProject
Global
	GlobalSection(SolutionConfigurationPlatforms) = preSolution
		Debug|Any CPU = Debug|Any CPU
		Release|Any CPU = Release|Any CPU
	EndGlobalSection
	GlobalSection(ProjectConfigurationPlatforms) = postSolution
		{3EF2B13F-C93B-4D63-A722-55CC1BF70115}.Debug|Any CPU.ActiveCfg = Debug|Any CPU
		{3EF2B13F-C93B-4D63-A722-55CC1BF70115}.Debug|Any CPU.Build.0 = Debug|Any CPU
		{3EF2B13F-C93B-4D63-A722-55CC1BF70115}.Release|Any CPU.ActiveCfg = Release|Any CPU
		{3EF2B13F-C93B-4D63-A722-55CC1BF70115}.Release|Any CPU.Build.0 = Release|Any CPU
		{A5124196-AEF2-49E1-892F-C81FC279B7DF}.Debug|Any CPU.ActiveCfg = Debug|Any CPU
		{A5124196-AEF2-49E1-892F-C81FC279B7DF}.Debug|Any CPU.Build.0 = Debug|Any CPU
		{A5124196-AEF2-49E1-892F-C81FC279B7DF}.Release|Any CPU.ActiveCfg = Release|Any CPU
		{A5124196-AEF2-49E1-892F-C81FC279B7DF}.Release|Any CPU.Build.0 = Release|Any CPU
	EndGlobalSection
	GlobalSection(SolutionProperties) = preSolution
		HideSolutionNode = FALSE
	EndGlobalSection
EndGlobal
